{
  "name": "@rxrc/dotfiles",
  "version": "1.0.0",
  "lockfileVersion": 1,
  "requires": true,
  "dependencies": {
    "@rxrc/apw": {
      "version": "1.0.0",
      "resolved": "https://registry.npmjs.org/@rxrc/apw/-/apw-1.0.0.tgz",
      "integrity": "sha512-yzBbFa2tUD62DQrYvNMm5wm9kFI4RuC4JJFNtlqZUXFjFBz3soMltDODpx83ojRvfBpV05HsKIy7887vyRy2AQ=="
    },
    "@rxrc/awesome-copycats": {
      "version": "5.0.2",
      "resolved": "https://registry.npmjs.org/@rxrc/awesome-copycats/-/awesome-copycats-5.0.2.tgz",
      "integrity": "sha512-xA+KCvZ16Rz+Ym+S5QUzSU3J05URehSwfJN1AR97IrrjNo4uPyhXLTdzS+BjrC/lTa9sOtEmxPp457sNZt0IDg==",
      "requires": {
        "@rxrc/apw": "^1.0.0"
      }
    },
    "@rxrc/curator": {
      "version": "1.0.1",
      "resolved": "https://registry.npmjs.org/@rxrc/curator/-/curator-1.0.1.tgz",
      "integrity": "sha512-uL5yceLZPIZ3nfbG2VIOzKQr5olzIQbIYCPeF8S9b8jMe0N/WiHSOJ6TiEXNoyfnFDWvhNJ0zyMiv0Jgj9yO4Q==",
      "dev": true
    },
    "@rxrc/hexchat-material-design-icons": {
      "version": "2.0.1",
      "resolved": "https://registry.npmjs.org/@rxrc/hexchat-material-design-icons/-/hexchat-material-design-icons-2.0.1.tgz",
      "integrity": "sha512-WFHzA+GBiB5//5HFi+8Xlxa/CWLykPKyc7eV8ae4CImN2bpsRG6+Mk5/DLesi+rIx5+14pQ2GOqFg9ov8a/D7w=="
    },
    "@rxrc/keymaps": {
      "version": "2.0.0",
      "resolved": "https://registry.npmjs.org/@rxrc/keymaps/-/keymaps-2.0.0.tgz",
      "integrity": "sha512-HdDeKlSMsgaNzU0Or0XfdLgRRgAqYcZ/+aGWbsFEgkhxFpNXJQix4I7nzaQ7yI1SDwGg8+gPU7WJn4Ub0f8MTw=="
    },
    "@rxrc/ssh-config": {
      "version": "github:razor-x/ssh-config#3081d2c138e0bccfc4dce3bcadc7266aaf9c66bd",
      "from": "github:razor-x/ssh-config#v2.0.1"
    },
    "@rxrc/systemd-user-units": {
      "version": "2.4.2",
      "resolved": "https://registry.npmjs.org/@rxrc/systemd-user-units/-/systemd-user-units-2.4.2.tgz",
      "integrity": "sha512-VE9e7wGTYaadUy1Fpkt+eGwk3p7Q4pXPL+VOV2V7gWZTkrJRpm/tyM/xdahIxLV46q77vBUG09kstE4hcY10jg=="
    },
    "@rxrc/tmuxinator-profiles": {
      "version": "github:razor-x/tmuxinator-profiles#a1e5c38f503ca4b6d9fb774d5843b69d672a004c",
      "from": "github:razor-x/tmuxinator-profiles#v1.0.1"
    },
    "@rxrc/xresources": {
      "version": "2.0.0",
      "resolved": "https://registry.npmjs.org/@rxrc/xresources/-/xresources-2.0.0.tgz",
      "integrity": "sha512-NfcDkFtXST0fhMSGMNeyfhOgSqqLVUk15+rkBm6sUrIMvLY+U28P05+9EcSeW/ar93D2EKDiqPWKpNHD5ELD0g=="
    }
  }
}
