{
  "requires": true,
  "lockfileVersion": 1,
  "dependencies": {
    "@rxrc/systemd-user-units": {
      "version": "2.4.1",
      "resolved": "https://registry.npmjs.org/@rxrc/systemd-user-units/-/systemd-user-units-2.4.1.tgz",
      "integrity": "sha512-4a0aeWN5kj+yenw3+BZt99oFAHpQ9DArNFNz/NdcSnyLcXyKuEdg0ioOiKoULFeljCMf7mwPsFi20ItxItMqFA=="
    },
    "bower": {
      "version": "1.8.8",
      "resolved": "https://registry.npmjs.org/bower/-/bower-1.8.8.tgz",
      "integrity": "sha512-1SrJnXnkP9soITHptSO+ahx3QKp3cVzn8poI6ujqc5SeOkg5iqM1pK9H+DSc2OQ8SnO0jC/NG4Ur/UIwy7574A==",
      "dev": true
    }
  }
}
